{
  "name": "tridoc-management-enterprise",
  "version": "1.0.0",
  "description": "Professional Smart Document Management & Full-Text Search System",
  "main": "main.js",
  "scripts": {
    "start": "electron ."
  },
  "keywords": [
    "electron",
    "document-management",
    "sqlite",
    "fts5",
    "tesseract"
  ],
  "author": "Senior Architect",
  "license": "MIT",
  "dependencies": {
    "better-sqlite3": "^9.4.3",
    "mammoth": "^1.6.0",
    "pdf-parse": "^1.1.1",
    "pdf2pic": "^3.0.0",
    "sharp": "^0.33.0",
    "tesseract.js": "^5.0.5"
  },
  "devDependencies": {
    "electron": "^29.1.0"
  }
}